
Microsoft Visual Studio Solution File, Format Version 12.00
# Visual Studio Version 16
VisualStudioVersion = 16.0.29613.14
MinimumVisualStudioVersion = 10.0.40219.1
Project("{FAE04EC0-301F-11D3-BF4B-00C04F79EFBC}") = "JaartaakRekening-Business", "JaartaakRekening-Business\JaartaakRekening-Business.csproj", "{FBAE5711-D943-4EE3-B89A-84E1BC98A25A}"
EndProject
Project("{FAE04EC0-301F-11D3-BF4B-00C04F79EFBC}") = "JaartaakRekening-Forms", "JaartaakRekening-Forms\JaartaakRekening-Forms.csproj", "{278702AD-CB6B-4B76-B08E-03E543FC5679}"
EndProject
Global
	GlobalSection(SolutionConfigurationPlatforms) = preSolution
		Debug|Any CPU = Debug|Any CPU
		Release|Any CPU = Release|Any CPU
	EndGlobalSection
	GlobalSection(ProjectConfigurationPlatforms) = postSolution
		{FBAE5711-D943-4EE3-B89A-84E1BC98A25A}.Debug|Any CPU.ActiveCfg = Debug|Any CPU
		{FBAE5711-D943-4EE3-B89A-84E1BC98A25A}.Debug|Any CPU.Build.0 = Debug|Any CPU
		{FBAE5711-D943-4EE3-B89A-84E1BC98A25A}.Release|Any CPU.ActiveCfg = Release|Any CPU
		{FBAE5711-D943-4EE3-B89A-84E1BC98A25A}.Release|Any CPU.Build.0 = Release|Any CPU
		{278702AD-CB6B-4B76-B08E-03E543FC5679}.Debug|Any CPU.ActiveCfg = Debug|Any CPU
		{278702AD-CB6B-4B76-B08E-03E543FC5679}.Debug|Any CPU.Build.0 = Debug|Any CPU
		{278702AD-CB6B-4B76-B08E-03E543FC5679}.Release|Any CPU.ActiveCfg = Release|Any CPU
		{278702AD-CB6B-4B76-B08E-03E543FC5679}.Release|Any CPU.Build.0 = Release|Any CPU
	EndGlobalSection
	GlobalSection(SolutionProperties) = preSolution
		HideSolutionNode = FALSE
	EndGlobalSection
	GlobalSection(ExtensibilityGlobals) = postSolution
		SolutionGuid = {118950B6-8EC6-419F-9151-EA9FED41F85D}
	EndGlobalSection
EndGlobal
